{
    "jms/metadata": {
        "version": "2.3.0"
    },
    "knplabs/doctrine-behaviors": {
        "version": "v2.0.4"
    },
    "nette/finder": {
        "version": "v2.5.2"
    },
    "nette/utils": {
        "version": "v3.1.2"
    },
    "php": {
        "version": "7.4"
    },
    "phpstan/extension-installer": {
        "version": "1.0.4"
    },
    "phpstan/phpstan": {
        "version": "0.12.29"
    },
    "phpstan/phpstan-doctrine": {
        "version": "0.12.16"
    },
    "phpstan/phpstan-phpunit": {
        "version": "0.12.11"
    },
    "phpstan/phpstan-symfony": {
        "version": "0.12.6"
    },
    "psr/http-client": {
        "version": "1.0.1"
    },
    "symfony/polyfill-uuid": {
        "version": "v1.18.0"
    },
    "symfony/twig-pack": {
        "version": "v1.0.0"
    },
    "symfony/uid": {
        "version": "v5.1.2"
    },
    "symplify/package-builder": {
        "version": "v7.3.18"
    },
    "vich/uploader-bundle": {
        "version": "1.5",
        "recipe": {
            "repo": "github.com/symfony/recipes-contrib",
            "branch": "master",
            "version": "1.5",
            "ref": "c4f5755b37fb65b9c6a3cbdae91205c15a137ed4"
        },
        "files": [
            "config/packages/vich_uploader.yaml"
        ]
    }
}
